<?xml version="1.0" encoding="utf-8"?>
<Project ToolsVersion="4.0" xmlns="http://schemas.microsoft.com/developer/msbuild/2003">
  <ItemGroup>
    <Filter Include="Source Files">
      <UniqueIdentifier>{4FC737F1-C7A5-4376-A066-2A32D752A2FF}</UniqueIdentifier>
      <Extensions>cpp;c;cc;cxx;def;odl;idl;hpj;bat;asm;asmx</Extensions>
    </Filter>
    <Filter Include="Header Files">
      <UniqueIdentifier>{93995380-89BD-4b04-88EB-625FBE52EBFB}</UniqueIdentifier>
      <Extensions>h;hh;hpp;hxx;hm;inl;inc;xsd</Extensions>
    </Filter>
    <Filter Include="Resource Files">
      <UniqueIdentifier>{67DA6AB6-F800-4c08-8B7A-83BB121AAD01}</UniqueIdentifier>
      <Extensions>rc;ico;cur;bmp;dlg;rc2;rct;bin;rgs;gif;jpg;jpeg;jpe;resx;tiff;tif;png;wav;mfcribbon-ms</Extensions>
    </Filter>
    <Filter Include="Form Files">
      <UniqueIdentifier>{99349809-55BA-4b9d-BF79-8FDBB0286EB3}</UniqueIdentifier>
      <Extensions>ui</Extensions>
    </Filter>
    <Filter Include="Resource Files">
      <UniqueIdentifier>{D9D6E242-F8AF-46E4-B9FD-80ECBC20BA3E}</UniqueIdentifier>
      <Extensions>qrc;*</Extensions>
      <ParseFiles>false</ParseFiles>
    </Filter>
    <Filter Include="qxtglobalshortcut">
      <UniqueIdentifier>{b21b2fc3-1c59-478e-be52-80a3b5edc824}</UniqueIdentifier>
    </Filter>
  </ItemGroup>
  <ItemGroup>
    <QtMoc Include="CScreenShot.h">
      <Filter>Header Files</Filter>
    </QtMoc>
    <ClCompile Include="CScreenShot.cpp">
      <Filter>Source Files</Filter>
    </ClCompile>
    <QtMoc Include="CQThreadCilck.h">
      <Filter>Header Files</Filter>
    </QtMoc>
    <QtMoc Include="CSetPen.h">
      <Filter>Header Files</Filter>
    </QtMoc>
  </ItemGroup>
  <ItemGroup>
    <ClCompile Include="main.cpp">
      <Filter>Source Files</Filter>
    </ClCompile>
    <ClCompile Include="qxtglobalshortcut5\core\qxtglobal.cpp">
      <Filter>qxtglobalshortcut</Filter>
    </ClCompile>
    <ClCompile Include="qxtglobalshortcut5\gui\qxtglobalshortcut.cpp">
      <Filter>qxtglobalshortcut</Filter>
    </ClCompile>
    <ClCompile Include="qxtglobalshortcut5\gui\qxtglobalshortcut_win.cpp">
      <Filter>qxtglobalshortcut</Filter>
    </ClCompile>
    <ClCompile Include="qxtglobalshortcut5\gui\qxtwindowsystem.cpp">
      <Filter>qxtglobalshortcut</Filter>
    </ClCompile>
    <ClCompile Include="qxtglobalshortcut5\gui\qxtwindowsystem_win.cpp">
      <Filter>qxtglobalshortcut</Filter>
    </ClCompile>
    <ClCompile Include="CCanvas.cpp">
      <Filter>Source Files</Filter>
    </ClCompile>
    <ClCompile Include="COptionBox.cpp">
      <Filter>Source Files</Filter>
    </ClCompile>
    <ClCompile Include="CQThreadCilck.cpp">
      <Filter>Source Files</Filter>
    </ClCompile>
    <ClCompile Include="CSetPen.cpp">
      <Filter>Source Files</Filter>
    </ClCompile>
  </ItemGroup>
  <ItemGroup>
    <ClInclude Include="qxtglobalshortcut5\core\qxtglobal.h">
      <Filter>qxtglobalshortcut</Filter>
    </ClInclude>
    <ClInclude Include="qxtglobalshortcut5\gui\qxtglobalshortcut_p.h">
      <Filter>qxtglobalshortcut</Filter>
    </ClInclude>
    <ClInclude Include="qxtglobalshortcut5\gui\qxtwindowsystem.h">
      <Filter>qxtglobalshortcut</Filter>
    </ClInclude>
    <ClInclude Include="CAbstract.h">
      <Filter>Header Files</Filter>
    </ClInclude>
  </ItemGroup>
  <ItemGroup>
    <QtMoc Include="qxtglobalshortcut5\gui\qxtglobalshortcut.h">
      <Filter>qxtglobalshortcut</Filter>
    </QtMoc>
    <QtMoc Include="CCanvas.h">
      <Filter>Header Files</Filter>
    </QtMoc>
    <QtMoc Include="COptionBox.h">
      <Filter>Header Files</Filter>
    </QtMoc>
  </ItemGroup>
  <ItemGroup>
    <QtUic Include="CCanvas.ui">
      <Filter>Form Files</Filter>
    </QtUic>
    <QtUic Include="CScreenShot.ui">
      <Filter>Form Files</Filter>
    </QtUic>
  </ItemGroup>
  <ItemGroup>
    <QtRcc Include="Resource.qrc">
      <Filter>Resource Files</Filter>
    </QtRcc>
  </ItemGroup>
</Project>